
Microsoft Visual Studio Solution File, Format Version 12.00
# Visual Studio Version 16
VisualStudioVersion = 16.0.30204.135
MinimumVisualStudioVersion = 10.0.40219.1
Project("{FAE04EC0-301F-11D3-BF4B-00C04F79EFBC}") = "LiveChartDemo", "LiveChartDemo.csproj", "{47607AF8-0A65-4306-B90C-667F5786EA7D}"
EndProject
Global
	GlobalSection(SolutionConfigurationPlatforms) = preSolution
		Debug|Any CPU = Debug|Any CPU
		Release|Any CPU = Release|Any CPU
	EndGlobalSection
	GlobalSection(ProjectConfigurationPlatforms) = postSolution
		{47607AF8-0A65-4306-B90C-667F5786EA7D}.Debug|Any CPU.ActiveCfg = Debug|Any CPU
		{47607AF8-0A65-4306-B90C-667F5786EA7D}.Debug|Any CPU.Build.0 = Debug|Any CPU
		{47607AF8-0A65-4306-B90C-667F5786EA7D}.Release|Any CPU.ActiveCfg = Release|Any CPU
		{47607AF8-0A65-4306-B90C-667F5786EA7D}.Release|Any CPU.Build.0 = Release|Any CPU
	EndGlobalSection
	GlobalSection(SolutionProperties) = preSolution
		HideSolutionNode = FALSE
	EndGlobalSection
	GlobalSection(ExtensibilityGlobals) = postSolution
		SolutionGuid = {F84C4ABB-BDAC-448A-A335-4244CC2B8769}
	EndGlobalSection
EndGlobal
